{
  "requires": true,
  "lockfileVersion": 1,
  "dependencies": {
    "@popperjs/core": {
      "version": "2.0.6",
      "resolved": "https://registry.npmjs.org/@popperjs/core/-/core-2.0.6.tgz",
      "integrity": "sha512-zj7Gw8QC4jmR92eKUvtrZUEpl2ypRbq+qlE4pwf9n2hnUO9BOAcWUs4/Ht+gNIbFt98xtqhLvccdCfD469MzpQ=="
    },
    "humps": {
      "version": "2.0.1",
      "resolved": "https://registry.npmjs.org/humps/-/humps-2.0.1.tgz",
      "integrity": "sha1-3QLqYIG9BWjcXQcxhEY5V7qe+ao="
    },
    "popper.js": {
      "version": "1.16.1",
      "resolved": "https://registry.npmjs.org/popper.js/-/popper.js-1.16.1.tgz",
      "integrity": "sha512-Wb4p1J4zyFTbM+u6WuO4XstYx4Ky9Cewe4DWrel7B0w6VVICvPwdOpotjzcf6eD8TsckVnIMNONQyPIUFOUbCQ=="
    },
    "tippy.js": {
      "version": "4.3.5",
      "resolved": "https://registry.npmjs.org/tippy.js/-/tippy.js-4.3.5.tgz",
      "integrity": "sha512-NDq3efte8nGK6BOJ1dDN1/WelAwfmh3UtIYXXck6+SxLzbIQNZE/cmRSnwScZ/FyiKdIcvFHvYUgqmoGx8CcyA==",
      "requires": {
        "popper.js": "^1.14.7"
      }
    }
  }
}
